
Microsoft Visual Studio Solution File, Format Version 12.00
# Visual Studio 15
VisualStudioVersion = 15.0.28010.2003
MinimumVisualStudioVersion = 10.0.40219.1
Project("{FAE04EC0-301F-11D3-BF4B-00C04F79EFBC}") = "WebFace", "WebFace\WebFace.csproj", "{9FDD97DF-13C8-4B19-9B1E-A9151822AE40}"
EndProject
Project("{FAE04EC0-301F-11D3-BF4B-00C04F79EFBC}") = "FaceAPI", "FaceAPI\FaceAPI.csproj", "{4DEF258A-AAB2-4B8B-95EA-960A8E034E9E}"
EndProject
Global
	GlobalSection(SolutionConfigurationPlatforms) = preSolution
		Debug|Any CPU = Debug|Any CPU
		Release|Any CPU = Release|Any CPU
	EndGlobalSection
	GlobalSection(ProjectConfigurationPlatforms) = postSolution
		{9FDD97DF-13C8-4B19-9B1E-A9151822AE40}.Debug|Any CPU.ActiveCfg = Debug|Any CPU
		{9FDD97DF-13C8-4B19-9B1E-A9151822AE40}.Debug|Any CPU.Build.0 = Debug|Any CPU
		{9FDD97DF-13C8-4B19-9B1E-A9151822AE40}.Release|Any CPU.ActiveCfg = Release|Any CPU
		{9FDD97DF-13C8-4B19-9B1E-A9151822AE40}.Release|Any CPU.Build.0 = Release|Any CPU
		{4DEF258A-AAB2-4B8B-95EA-960A8E034E9E}.Debug|Any CPU.ActiveCfg = Debug|Any CPU
		{4DEF258A-AAB2-4B8B-95EA-960A8E034E9E}.Debug|Any CPU.Build.0 = Debug|Any CPU
		{4DEF258A-AAB2-4B8B-95EA-960A8E034E9E}.Release|Any CPU.ActiveCfg = Release|Any CPU
		{4DEF258A-AAB2-4B8B-95EA-960A8E034E9E}.Release|Any CPU.Build.0 = Release|Any CPU
	EndGlobalSection
	GlobalSection(SolutionProperties) = preSolution
		HideSolutionNode = FALSE
	EndGlobalSection
	GlobalSection(ExtensibilityGlobals) = postSolution
		SolutionGuid = {15FFF04E-173B-4109-ACDD-49F034A5A08F}
	EndGlobalSection
EndGlobal
